
Microsoft Visual Studio Solution File, Format Version 12.00
# Visual Studio 2013
VisualStudioVersion = 12.0.21005.1
MinimumVisualStudioVersion = 10.0.40219.1
Project("{2150E333-8FDC-42A3-9474-1A3956D46DE8}") = ".nuget", ".nuget", "{DCCA94A7-6376-4C82-ACCD-33B9C284B123}"
	ProjectSection(SolutionItems) = preProject
		.nuget\NuGet.Config = .nuget\NuGet.Config
		.nuget\NuGet.exe = .nuget\NuGet.exe
		.nuget\NuGet.targets = .nuget\NuGet.targets
	EndProjectSection
EndProject
Project("{FAE04EC0-301F-11D3-BF4B-00C04F79EFBC}") = "WP8", "WP8\WP8.csproj", "{5736DFB2-8172-4220-8820-DA8BBF209E9F}"
EndProject
Project("{2150E333-8FDC-42A3-9474-1A3956D46DE8}") = "Windows Phone", "Windows Phone", "{F18A675E-9531-4968-8010-43C2612EFF14}"
EndProject
Project("{FAE04EC0-301F-11D3-BF4B-00C04F79EFBC}") = "WP8.SheduledTaskAgent", "WP8\SheduledTaskAgent\WP8.SheduledTaskAgent.csproj", "{ACF38991-8BBC-451F-AA49-C06F8E29F61F}"
EndProject
Project("{2150E333-8FDC-42A3-9474-1A3956D46DE8}") = "Windows 8", "Windows 8", "{5B91716C-6BA0-495E-B282-541B1E5347B0}"
EndProject
Project("{FAE04EC0-301F-11D3-BF4B-00C04F79EFBC}") = "Win8", "Win8\Win8.csproj", "{0F76A0A0-07E6-45D0-951F-DE27D5480AE2}"
EndProject
Project("{FAE04EC0-301F-11D3-BF4B-00C04F79EFBC}") = "Win8.BackgroundTasks", "Win8\BackgroundTasks\Win8.BackgroundTasks.csproj", "{507173F7-BA27-470F-A79D-867C046B4A39}"
EndProject
Project("{FAE04EC0-301F-11D3-BF4B-00C04F79EFBC}") = "Saturn.Model", "Saturn.Model\Saturn.Model.csproj", "{B287FA18-F9B3-453C-936B-A523716EEA2D}"
EndProject
Project("{FAE04EC0-301F-11D3-BF4B-00C04F79EFBC}") = "Saturn.ViewModel", "Saturn.ViewModel\Saturn.ViewModel.csproj", "{020193BF-02C0-422E-B6C0-964BE5031500}"
EndProject
Global
	GlobalSection(SolutionConfigurationPlatforms) = preSolution
		Debug|Any CPU = Debug|Any CPU
		Debug|ARM = Debug|ARM
		Debug|x64 = Debug|x64
		Debug|x86 = Debug|x86
		Release|Any CPU = Release|Any CPU
		Release|ARM = Release|ARM
		Release|x64 = Release|x64
		Release|x86 = Release|x86
	EndGlobalSection
	GlobalSection(ProjectConfigurationPlatforms) = postSolution
		{5736DFB2-8172-4220-8820-DA8BBF209E9F}.Debug|Any CPU.ActiveCfg = Debug|Any CPU
		{5736DFB2-8172-4220-8820-DA8BBF209E9F}.Debug|Any CPU.Build.0 = Debug|Any CPU
		{5736DFB2-8172-4220-8820-DA8BBF209E9F}.Debug|Any CPU.Deploy.0 = Debug|Any CPU
		{5736DFB2-8172-4220-8820-DA8BBF209E9F}.Debug|ARM.ActiveCfg = Debug|ARM
		{5736DFB2-8172-4220-8820-DA8BBF209E9F}.Debug|ARM.Build.0 = Debug|ARM
		{5736DFB2-8172-4220-8820-DA8BBF209E9F}.Debug|ARM.Deploy.0 = Debug|ARM
		{5736DFB2-8172-4220-8820-DA8BBF209E9F}.Debug|x64.ActiveCfg = Debug|Any CPU
		{5736DFB2-8172-4220-8820-DA8BBF209E9F}.Debug|x86.ActiveCfg = Debug|x86
		{5736DFB2-8172-4220-8820-DA8BBF209E9F}.Debug|x86.Build.0 = Debug|x86
		{5736DFB2-8172-4220-8820-DA8BBF209E9F}.Debug|x86.Deploy.0 = Debug|x86
		{5736DFB2-8172-4220-8820-DA8BBF209E9F}.Release|Any CPU.ActiveCfg = Release|Any CPU
		{5736DFB2-8172-4220-8820-DA8BBF209E9F}.Release|Any CPU.Build.0 = Release|Any CPU
		{5736DFB2-8172-4220-8820-DA8BBF209E9F}.Release|Any CPU.Deploy.0 = Release|Any CPU
		{5736DFB2-8172-4220-8820-DA8BBF209E9F}.Release|ARM.ActiveCfg = Release|ARM
		{5736DFB2-8172-4220-8820-DA8BBF209E9F}.Release|ARM.Build.0 = Release|ARM
		{5736DFB2-8172-4220-8820-DA8BBF209E9F}.Release|ARM.Deploy.0 = Release|ARM
		{5736DFB2-8172-4220-8820-DA8BBF209E9F}.Release|x64.ActiveCfg = Release|Any CPU
		{5736DFB2-8172-4220-8820-DA8BBF209E9F}.Release|x86.ActiveCfg = Release|x86
		{5736DFB2-8172-4220-8820-DA8BBF209E9F}.Release|x86.Build.0 = Release|x86
		{5736DFB2-8172-4220-8820-DA8BBF209E9F}.Release|x86.Deploy.0 = Release|x86
		{ACF38991-8BBC-451F-AA49-C06F8E29F61F}.Debug|Any CPU.ActiveCfg = Debug|Any CPU
		{ACF38991-8BBC-451F-AA49-C06F8E29F61F}.Debug|Any CPU.Build.0 = Debug|Any CPU
		{ACF38991-8BBC-451F-AA49-C06F8E29F61F}.Debug|ARM.ActiveCfg = Debug|ARM
		{ACF38991-8BBC-451F-AA49-C06F8E29F61F}.Debug|ARM.Build.0 = Debug|ARM
		{ACF38991-8BBC-451F-AA49-C06F8E29F61F}.Debug|x64.ActiveCfg = Debug|Any CPU
		{ACF38991-8BBC-451F-AA49-C06F8E29F61F}.Debug|x86.ActiveCfg = Debug|x86
		{ACF38991-8BBC-451F-AA49-C06F8E29F61F}.Debug|x86.Build.0 = Debug|x86
		{ACF38991-8BBC-451F-AA49-C06F8E29F61F}.Release|Any CPU.ActiveCfg = Release|Any CPU
		{ACF38991-8BBC-451F-AA49-C06F8E29F61F}.Release|Any CPU.Build.0 = Release|Any CPU
		{ACF38991-8BBC-451F-AA49-C06F8E29F61F}.Release|ARM.ActiveCfg = Release|ARM
		{ACF38991-8BBC-451F-AA49-C06F8E29F61F}.Release|ARM.Build.0 = Release|ARM
		{ACF38991-8BBC-451F-AA49-C06F8E29F61F}.Release|x64.ActiveCfg = Release|Any CPU
		{ACF38991-8BBC-451F-AA49-C06F8E29F61F}.Release|x86.ActiveCfg = Release|x86
		{ACF38991-8BBC-451F-AA49-C06F8E29F61F}.Release|x86.Build.0 = Release|x86
		{0F76A0A0-07E6-45D0-951F-DE27D5480AE2}.Debug|Any CPU.ActiveCfg = Debug|Any CPU
		{0F76A0A0-07E6-45D0-951F-DE27D5480AE2}.Debug|Any CPU.Build.0 = Debug|Any CPU
		{0F76A0A0-07E6-45D0-951F-DE27D5480AE2}.Debug|Any CPU.Deploy.0 = Debug|Any CPU
		{0F76A0A0-07E6-45D0-951F-DE27D5480AE2}.Debug|ARM.ActiveCfg = Debug|ARM
		{0F76A0A0-07E6-45D0-951F-DE27D5480AE2}.Debug|ARM.Build.0 = Debug|ARM
		{0F76A0A0-07E6-45D0-951F-DE27D5480AE2}.Debug|ARM.Deploy.0 = Debug|ARM
		{0F76A0A0-07E6-45D0-951F-DE27D5480AE2}.Debug|x64.ActiveCfg = Debug|x64
		{0F76A0A0-07E6-45D0-951F-DE27D5480AE2}.Debug|x64.Build.0 = Debug|x64
		{0F76A0A0-07E6-45D0-951F-DE27D5480AE2}.Debug|x64.Deploy.0 = Debug|x64
		{0F76A0A0-07E6-45D0-951F-DE27D5480AE2}.Debug|x86.ActiveCfg = Debug|x86
		{0F76A0A0-07E6-45D0-951F-DE27D5480AE2}.Debug|x86.Build.0 = Debug|x86
		{0F76A0A0-07E6-45D0-951F-DE27D5480AE2}.Debug|x86.Deploy.0 = Debug|x86
		{0F76A0A0-07E6-45D0-951F-DE27D5480AE2}.Release|Any CPU.ActiveCfg = Release|Any CPU
		{0F76A0A0-07E6-45D0-951F-DE27D5480AE2}.Release|Any CPU.Build.0 = Release|Any CPU
		{0F76A0A0-07E6-45D0-951F-DE27D5480AE2}.Release|Any CPU.Deploy.0 = Release|Any CPU
		{0F76A0A0-07E6-45D0-951F-DE27D5480AE2}.Release|ARM.ActiveCfg = Release|ARM
		{0F76A0A0-07E6-45D0-951F-DE27D5480AE2}.Release|ARM.Build.0 = Release|ARM
		{0F76A0A0-07E6-45D0-951F-DE27D5480AE2}.Release|ARM.Deploy.0 = Release|ARM
		{0F76A0A0-07E6-45D0-951F-DE27D5480AE2}.Release|x64.ActiveCfg = Release|x64
		{0F76A0A0-07E6-45D0-951F-DE27D5480AE2}.Release|x64.Build.0 = Release|x64
		{0F76A0A0-07E6-45D0-951F-DE27D5480AE2}.Release|x64.Deploy.0 = Release|x64
		{0F76A0A0-07E6-45D0-951F-DE27D5480AE2}.Release|x86.ActiveCfg = Release|x86
		{0F76A0A0-07E6-45D0-951F-DE27D5480AE2}.Release|x86.Build.0 = Release|x86
		{0F76A0A0-07E6-45D0-951F-DE27D5480AE2}.Release|x86.Deploy.0 = Release|x86
		{507173F7-BA27-470F-A79D-867C046B4A39}.Debug|Any CPU.ActiveCfg = Debug|Any CPU
		{507173F7-BA27-470F-A79D-867C046B4A39}.Debug|Any CPU.Build.0 = Debug|Any CPU
		{507173F7-BA27-470F-A79D-867C046B4A39}.Debug|ARM.ActiveCfg = Debug|ARM
		{507173F7-BA27-470F-A79D-867C046B4A39}.Debug|ARM.Build.0 = Debug|ARM
		{507173F7-BA27-470F-A79D-867C046B4A39}.Debug|x64.ActiveCfg = Debug|x64
		{507173F7-BA27-470F-A79D-867C046B4A39}.Debug|x64.Build.0 = Debug|x64
		{507173F7-BA27-470F-A79D-867C046B4A39}.Debug|x86.ActiveCfg = Debug|x86
		{507173F7-BA27-470F-A79D-867C046B4A39}.Debug|x86.Build.0 = Debug|x86
		{507173F7-BA27-470F-A79D-867C046B4A39}.Release|Any CPU.ActiveCfg = Release|Any CPU
		{507173F7-BA27-470F-A79D-867C046B4A39}.Release|Any CPU.Build.0 = Release|Any CPU
		{507173F7-BA27-470F-A79D-867C046B4A39}.Release|ARM.ActiveCfg = Release|ARM
		{507173F7-BA27-470F-A79D-867C046B4A39}.Release|ARM.Build.0 = Release|ARM
		{507173F7-BA27-470F-A79D-867C046B4A39}.Release|x64.ActiveCfg = Release|x64
		{507173F7-BA27-470F-A79D-867C046B4A39}.Release|x64.Build.0 = Release|x64
		{507173F7-BA27-470F-A79D-867C046B4A39}.Release|x86.ActiveCfg = Release|x86
		{507173F7-BA27-470F-A79D-867C046B4A39}.Release|x86.Build.0 = Release|x86
		{B287FA18-F9B3-453C-936B-A523716EEA2D}.Debug|Any CPU.ActiveCfg = Debug|Any CPU
		{B287FA18-F9B3-453C-936B-A523716EEA2D}.Debug|Any CPU.Build.0 = Debug|Any CPU
		{B287FA18-F9B3-453C-936B-A523716EEA2D}.Debug|ARM.ActiveCfg = Debug|Any CPU
		{B287FA18-F9B3-453C-936B-A523716EEA2D}.Debug|x64.ActiveCfg = Debug|Any CPU
		{B287FA18-F9B3-453C-936B-A523716EEA2D}.Debug|x86.ActiveCfg = Debug|Any CPU
		{B287FA18-F9B3-453C-936B-A523716EEA2D}.Release|Any CPU.ActiveCfg = Release|Any CPU
		{B287FA18-F9B3-453C-936B-A523716EEA2D}.Release|Any CPU.Build.0 = Release|Any CPU
		{B287FA18-F9B3-453C-936B-A523716EEA2D}.Release|ARM.ActiveCfg = Release|Any CPU
		{B287FA18-F9B3-453C-936B-A523716EEA2D}.Release|x64.ActiveCfg = Release|Any CPU
		{B287FA18-F9B3-453C-936B-A523716EEA2D}.Release|x86.ActiveCfg = Release|Any CPU
		{020193BF-02C0-422E-B6C0-964BE5031500}.Debug|Any CPU.ActiveCfg = Debug|Any CPU
		{020193BF-02C0-422E-B6C0-964BE5031500}.Debug|Any CPU.Build.0 = Debug|Any CPU
		{020193BF-02C0-422E-B6C0-964BE5031500}.Debug|ARM.ActiveCfg = Debug|Any CPU
		{020193BF-02C0-422E-B6C0-964BE5031500}.Debug|x64.ActiveCfg = Debug|Any CPU
		{020193BF-02C0-422E-B6C0-964BE5031500}.Debug|x86.ActiveCfg = Debug|Any CPU
		{020193BF-02C0-422E-B6C0-964BE5031500}.Release|Any CPU.ActiveCfg = Release|Any CPU
		{020193BF-02C0-422E-B6C0-964BE5031500}.Release|Any CPU.Build.0 = Release|Any CPU
		{020193BF-02C0-422E-B6C0-964BE5031500}.Release|ARM.ActiveCfg = Release|Any CPU
		{020193BF-02C0-422E-B6C0-964BE5031500}.Release|x64.ActiveCfg = Release|Any CPU
		{020193BF-02C0-422E-B6C0-964BE5031500}.Release|x86.ActiveCfg = Release|Any CPU
	EndGlobalSection
	GlobalSection(SolutionProperties) = preSolution
		HideSolutionNode = FALSE
	EndGlobalSection
	GlobalSection(NestedProjects) = preSolution
		{5736DFB2-8172-4220-8820-DA8BBF209E9F} = {F18A675E-9531-4968-8010-43C2612EFF14}
		{ACF38991-8BBC-451F-AA49-C06F8E29F61F} = {F18A675E-9531-4968-8010-43C2612EFF14}
		{0F76A0A0-07E6-45D0-951F-DE27D5480AE2} = {5B91716C-6BA0-495E-B282-541B1E5347B0}
		{507173F7-BA27-470F-A79D-867C046B4A39} = {5B91716C-6BA0-495E-B282-541B1E5347B0}
	EndGlobalSection
EndGlobal
